
Microsoft Visual Studio Solution File, Format Version 12.00
# Visual Studio 15
Project("{FAE04EC0-301F-11D3-BF4B-00C04F79EFBC}") = "Laboratorio4-AntoniaCarrizo", "Laboratorio4-AntoniaCarrizo\Laboratorio4-AntoniaCarrizo.csproj", "{102289BE-1558-4976-A42C-8C37153337C7}"
EndProject
Global
	GlobalSection(SolutionConfigurationPlatforms) = preSolution
		Debug|anycpu = Debug|anycpu
		Release|anycpu = Release|anycpu
	EndGlobalSection
	GlobalSection(ProjectConfigurationPlatforms) = postSolution
		{102289BE-1558-4976-A42C-8C37153337C7}.Debug|anycpu.ActiveCfg = Debug|anycpu
		{102289BE-1558-4976-A42C-8C37153337C7}.Debug|anycpu.Build.0 = Debug|anycpu
		{102289BE-1558-4976-A42C-8C37153337C7}.Release|anycpu.ActiveCfg = Release|anycpu
		{102289BE-1558-4976-A42C-8C37153337C7}.Release|anycpu.Build.0 = Release|anycpu
	EndGlobalSection
EndGlobal
